
Microsoft Visual Studio Solution File, Format Version 12.00
# Visual Studio Version 16
VisualStudioVersion = 16.0.30611.23
MinimumVisualStudioVersion = 10.0.40219.1
Project("{8BC9CEB8-8B4A-11D0-8D11-00A0C91BC942}") = "TestMoveAndCopyConstructor", "Source\TestMoveAndCopyConstructor\TestMoveAndCopyConstructor.vcxproj", "{97BDA5AD-D937-4162-9639-77C5365C5FD5}"
EndProject
Project("{2150E333-8FDC-42A3-9474-1A3956D46DE8}") = "OpenCV_Testing", "OpenCV_Testing", "{478FCE3B-23F1-40A7-A5CA-E5746E9CD39E}"
EndProject
Project("{8BC9CEB8-8B4A-11D0-8D11-00A0C91BC942}") = "CvSeq_Test", "Source\CvSeq_Test\CvSeq_Test.vcxproj", "{8BAA70C4-BEFC-4707-99A0-2F8E17124239}"
EndProject
Project("{8BC9CEB8-8B4A-11D0-8D11-00A0C91BC942}") = "DFT_Test", "Source\DFT_Test\DFT_Test.vcxproj", "{1A4F8123-6EA0-4ECA-A3DD-BB39672EFAC1}"
EndProject
Project("{8BC9CEB8-8B4A-11D0-8D11-00A0C91BC942}") = "MouseEventTest", "Source\MouseEventTest\MouseEventTest.vcxproj", "{4E8F4B61-33D5-4376-B629-BC4E1FAEF111}"
EndProject
Project("{8BC9CEB8-8B4A-11D0-8D11-00A0C91BC942}") = "TestGetRoiImgInAoisub", "Source\TestGetRoiImgInAoisub\TestGetRoiImgInAoisub.vcxproj", "{56F9268D-F952-4B02-A5BD-E04434439265}"
EndProject
Project("{8BC9CEB8-8B4A-11D0-8D11-00A0C91BC942}") = "TestOpencvSaveImageAndForAOISubRead", "Source\TestOpencvSaveImageAndForAOISubRead\TestOpencvSaveImageAndForAOISubRead.vcxproj", "{B0209228-F001-4440-BF59-F9E55DC2125C}"
EndProject
Project("{8BC9CEB8-8B4A-11D0-8D11-00A0C91BC942}") = "TestReadAndSaveImage", "Source\TestReadAndSaveImage\TestReadAndSaveImage.vcxproj", "{8FDECCBF-8970-4BF7-A28C-93035218D29C}"
EndProject
Project("{8BC9CEB8-8B4A-11D0-8D11-00A0C91BC942}") = "TestJson", "Source\TestJson\TestJson.vcxproj", "{032D3EA0-51C8-48F7-B518-5B0E8A821489}"
EndProject
Project("{8BC9CEB8-8B4A-11D0-8D11-00A0C91BC942}") = "CompSpeadOfArrayAndPointer", "Source\CompSpeadOfArrayAndPointer\CompSpeadOfArrayAndPointer.vcxproj", "{819AD01A-EA8E-4970-838C-5AFE0B27BF97}"
EndProject
Project("{8BC9CEB8-8B4A-11D0-8D11-00A0C91BC942}") = "matchTemplateUsingEcc", "Source\matchTemplateUsingEcc\matchTemplateUsingEcc.vcxproj", "{F1F877CE-C7E0-441F-A3B6-2A090E156867}"
EndProject
Project("{8BC9CEB8-8B4A-11D0-8D11-00A0C91BC942}") = "opencv_img_rotate", "Source\opencv_img_rotate\opencv_img_rotate.vcxproj", "{E23BFE96-8E8E-4E84-932D-47EF20324AF0}"
EndProject
Project("{8BC9CEB8-8B4A-11D0-8D11-00A0C91BC942}") = "opencv_pca_test", "Source\opencv_pca_test\opencv_pca_test.vcxproj", "{0F907477-2308-4B4F-AE66-677A7391AA02}"
EndProject
Project("{8BC9CEB8-8B4A-11D0-8D11-00A0C91BC942}") = "TestCppMap", "Source\TestCppMap\TestCppMap.vcxproj", "{2DC5F39D-5420-4823-99F1-D57378288735}"
EndProject
Project("{8BC9CEB8-8B4A-11D0-8D11-00A0C91BC942}") = "TestMatRange", "Source\TestMatRange\TestMatRange.vcxproj", "{64E9F3C1-163F-41E3-B6D5-B7C84AF4CB7A}"
EndProject
Project("{8BC9CEB8-8B4A-11D0-8D11-00A0C91BC942}") = "TestOpencvMatOperate", "Source\TestOpencvMatOperate\TestOpencvMatOperate.vcxproj", "{366B24F7-749F-4908-85B1-58924DA3B726}"
EndProject
Project("{8BC9CEB8-8B4A-11D0-8D11-00A0C91BC942}") = "TestTemplatePointer", "Source\TestTemplatePointer\TestTemplatePointer.vcxproj", "{0CA84868-7E14-4039-A32E-79639CB31BA8}"
EndProject
Project("{8BC9CEB8-8B4A-11D0-8D11-00A0C91BC942}") = "TestConsoleAppMenueAndHighlightOpt", "Source\TestConsoleAppMenueAndHighlightOpt\TestConsoleAppMenueAndHighlightOpt.vcxproj", "{B3090AAF-A8E9-403E-9AFC-78D934A02CCE}"
EndProject
Project("{8BC9CEB8-8B4A-11D0-8D11-00A0C91BC942}") = "TestXMacro", "Source\TestXMacro\TestXMacro.vcxproj", "{E4A7403B-3BE4-4419-9605-7B550521E86A}"
EndProject
Project("{8BC9CEB8-8B4A-11D0-8D11-00A0C91BC942}") = "LearnQueue", "Source\LearnQueue\LearnQueue.vcxproj", "{D4594810-AC35-4484-9E82-6953072A01C4}"
EndProject
Project("{8BC9CEB8-8B4A-11D0-8D11-00A0C91BC942}") = "TestStdStringManipulation", "Source\TestStdStringManipulation\TestStdStringManipulation.vcxproj", "{EBBD3FE8-6577-4A18-9A5C-9AEE4F62F4B4}"
EndProject
Project("{8BC9CEB8-8B4A-11D0-8D11-00A0C91BC942}") = "TestCastBtwnPointerAndLongInt", "Source\TestCastBtwnPointerAndLongInt\TestCastBtwnPointerAndLongInt.vcxproj", "{10EAAA84-C9BD-47B1-B497-8BD46BAE730E}"
EndProject
Global
	GlobalSection(SolutionConfigurationPlatforms) = preSolution
		Debug|Any CPU = Debug|Any CPU
		Debug|x64 = Debug|x64
		Debug|x86 = Debug|x86
		Release|Any CPU = Release|Any CPU
		Release|x64 = Release|x64
		Release|x86 = Release|x86
	EndGlobalSection
	GlobalSection(ProjectConfigurationPlatforms) = postSolution
		{97BDA5AD-D937-4162-9639-77C5365C5FD5}.Debug|Any CPU.ActiveCfg = Debug|Win32
		{97BDA5AD-D937-4162-9639-77C5365C5FD5}.Debug|x64.ActiveCfg = Debug|x64
		{97BDA5AD-D937-4162-9639-77C5365C5FD5}.Debug|x64.Build.0 = Debug|x64
		{97BDA5AD-D937-4162-9639-77C5365C5FD5}.Debug|x86.ActiveCfg = Debug|Win32
		{97BDA5AD-D937-4162-9639-77C5365C5FD5}.Debug|x86.Build.0 = Debug|Win32
		{97BDA5AD-D937-4162-9639-77C5365C5FD5}.Release|Any CPU.ActiveCfg = Release|Win32
		{97BDA5AD-D937-4162-9639-77C5365C5FD5}.Release|x64.ActiveCfg = Release|x64
		{97BDA5AD-D937-4162-9639-77C5365C5FD5}.Release|x64.Build.0 = Release|x64
		{97BDA5AD-D937-4162-9639-77C5365C5FD5}.Release|x86.ActiveCfg = Release|Win32
		{97BDA5AD-D937-4162-9639-77C5365C5FD5}.Release|x86.Build.0 = Release|Win32
		{8BAA70C4-BEFC-4707-99A0-2F8E17124239}.Debug|Any CPU.ActiveCfg = Debug|Win32
		{8BAA70C4-BEFC-4707-99A0-2F8E17124239}.Debug|x64.ActiveCfg = Debug|x64
		{8BAA70C4-BEFC-4707-99A0-2F8E17124239}.Debug|x64.Build.0 = Debug|x64
		{8BAA70C4-BEFC-4707-99A0-2F8E17124239}.Debug|x86.ActiveCfg = Debug|Win32
		{8BAA70C4-BEFC-4707-99A0-2F8E17124239}.Debug|x86.Build.0 = Debug|Win32
		{8BAA70C4-BEFC-4707-99A0-2F8E17124239}.Release|Any CPU.ActiveCfg = Release|Win32
		{8BAA70C4-BEFC-4707-99A0-2F8E17124239}.Release|x64.ActiveCfg = Release|x64
		{8BAA70C4-BEFC-4707-99A0-2F8E17124239}.Release|x64.Build.0 = Release|x64
		{8BAA70C4-BEFC-4707-99A0-2F8E17124239}.Release|x86.ActiveCfg = Release|Win32
		{8BAA70C4-BEFC-4707-99A0-2F8E17124239}.Release|x86.Build.0 = Release|Win32
		{1A4F8123-6EA0-4ECA-A3DD-BB39672EFAC1}.Debug|Any CPU.ActiveCfg = Debug|Win32
		{1A4F8123-6EA0-4ECA-A3DD-BB39672EFAC1}.Debug|x64.ActiveCfg = Debug|x64
		{1A4F8123-6EA0-4ECA-A3DD-BB39672EFAC1}.Debug|x64.Build.0 = Debug|x64
		{1A4F8123-6EA0-4ECA-A3DD-BB39672EFAC1}.Debug|x86.ActiveCfg = Debug|Win32
		{1A4F8123-6EA0-4ECA-A3DD-BB39672EFAC1}.Debug|x86.Build.0 = Debug|Win32
		{1A4F8123-6EA0-4ECA-A3DD-BB39672EFAC1}.Release|Any CPU.ActiveCfg = Release|Win32
		{1A4F8123-6EA0-4ECA-A3DD-BB39672EFAC1}.Release|x64.ActiveCfg = Release|x64
		{1A4F8123-6EA0-4ECA-A3DD-BB39672EFAC1}.Release|x64.Build.0 = Release|x64
		{1A4F8123-6EA0-4ECA-A3DD-BB39672EFAC1}.Release|x86.ActiveCfg = Release|Win32
		{1A4F8123-6EA0-4ECA-A3DD-BB39672EFAC1}.Release|x86.Build.0 = Release|Win32
		{4E8F4B61-33D5-4376-B629-BC4E1FAEF111}.Debug|Any CPU.ActiveCfg = Debug|Win32
		{4E8F4B61-33D5-4376-B629-BC4E1FAEF111}.Debug|x64.ActiveCfg = Debug|x64
		{4E8F4B61-33D5-4376-B629-BC4E1FAEF111}.Debug|x64.Build.0 = Debug|x64
		{4E8F4B61-33D5-4376-B629-BC4E1FAEF111}.Debug|x86.ActiveCfg = Debug|Win32
		{4E8F4B61-33D5-4376-B629-BC4E1FAEF111}.Debug|x86.Build.0 = Debug|Win32
		{4E8F4B61-33D5-4376-B629-BC4E1FAEF111}.Release|Any CPU.ActiveCfg = Release|Win32
		{4E8F4B61-33D5-4376-B629-BC4E1FAEF111}.Release|x64.ActiveCfg = Release|x64
		{4E8F4B61-33D5-4376-B629-BC4E1FAEF111}.Release|x64.Build.0 = Release|x64
		{4E8F4B61-33D5-4376-B629-BC4E1FAEF111}.Release|x86.ActiveCfg = Release|Win32
		{4E8F4B61-33D5-4376-B629-BC4E1FAEF111}.Release|x86.Build.0 = Release|Win32
		{56F9268D-F952-4B02-A5BD-E04434439265}.Debug|Any CPU.ActiveCfg = Debug|Win32
		{56F9268D-F952-4B02-A5BD-E04434439265}.Debug|x64.ActiveCfg = Debug|x64
		{56F9268D-F952-4B02-A5BD-E04434439265}.Debug|x64.Build.0 = Debug|x64
		{56F9268D-F952-4B02-A5BD-E04434439265}.Debug|x86.ActiveCfg = Debug|Win32
		{56F9268D-F952-4B02-A5BD-E04434439265}.Debug|x86.Build.0 = Debug|Win32
		{56F9268D-F952-4B02-A5BD-E04434439265}.Release|Any CPU.ActiveCfg = Release|Win32
		{56F9268D-F952-4B02-A5BD-E04434439265}.Release|x64.ActiveCfg = Release|x64
		{56F9268D-F952-4B02-A5BD-E04434439265}.Release|x64.Build.0 = Release|x64
		{56F9268D-F952-4B02-A5BD-E04434439265}.Release|x86.ActiveCfg = Release|Win32
		{56F9268D-F952-4B02-A5BD-E04434439265}.Release|x86.Build.0 = Release|Win32
		{B0209228-F001-4440-BF59-F9E55DC2125C}.Debug|Any CPU.ActiveCfg = Debug|Win32
		{B0209228-F001-4440-BF59-F9E55DC2125C}.Debug|x64.ActiveCfg = Debug|x64
		{B0209228-F001-4440-BF59-F9E55DC2125C}.Debug|x64.Build.0 = Debug|x64
		{B0209228-F001-4440-BF59-F9E55DC2125C}.Debug|x86.ActiveCfg = Debug|Win32
		{B0209228-F001-4440-BF59-F9E55DC2125C}.Debug|x86.Build.0 = Debug|Win32
		{B0209228-F001-4440-BF59-F9E55DC2125C}.Release|Any CPU.ActiveCfg = Release|Win32
		{B0209228-F001-4440-BF59-F9E55DC2125C}.Release|x64.ActiveCfg = Release|x64
		{B0209228-F001-4440-BF59-F9E55DC2125C}.Release|x64.Build.0 = Release|x64
		{B0209228-F001-4440-BF59-F9E55DC2125C}.Release|x86.ActiveCfg = Release|Win32
		{B0209228-F001-4440-BF59-F9E55DC2125C}.Release|x86.Build.0 = Release|Win32
		{8FDECCBF-8970-4BF7-A28C-93035218D29C}.Debug|Any CPU.ActiveCfg = Debug|Win32
		{8FDECCBF-8970-4BF7-A28C-93035218D29C}.Debug|x64.ActiveCfg = Debug|x64
		{8FDECCBF-8970-4BF7-A28C-93035218D29C}.Debug|x64.Build.0 = Debug|x64
		{8FDECCBF-8970-4BF7-A28C-93035218D29C}.Debug|x86.ActiveCfg = Debug|Win32
		{8FDECCBF-8970-4BF7-A28C-93035218D29C}.Debug|x86.Build.0 = Debug|Win32
		{8FDECCBF-8970-4BF7-A28C-93035218D29C}.Release|Any CPU.ActiveCfg = Release|Win32
		{8FDECCBF-8970-4BF7-A28C-93035218D29C}.Release|x64.ActiveCfg = Release|x64
		{8FDECCBF-8970-4BF7-A28C-93035218D29C}.Release|x64.Build.0 = Release|x64
		{8FDECCBF-8970-4BF7-A28C-93035218D29C}.Release|x86.ActiveCfg = Release|Win32
		{8FDECCBF-8970-4BF7-A28C-93035218D29C}.Release|x86.Build.0 = Release|Win32
		{032D3EA0-51C8-48F7-B518-5B0E8A821489}.Debug|Any CPU.ActiveCfg = Debug|Win32
		{032D3EA0-51C8-48F7-B518-5B0E8A821489}.Debug|x64.ActiveCfg = Debug|x64
		{032D3EA0-51C8-48F7-B518-5B0E8A821489}.Debug|x64.Build.0 = Debug|x64
		{032D3EA0-51C8-48F7-B518-5B0E8A821489}.Debug|x86.ActiveCfg = Debug|Win32
		{032D3EA0-51C8-48F7-B518-5B0E8A821489}.Debug|x86.Build.0 = Debug|Win32
		{032D3EA0-51C8-48F7-B518-5B0E8A821489}.Release|Any CPU.ActiveCfg = Release|Win32
		{032D3EA0-51C8-48F7-B518-5B0E8A821489}.Release|x64.ActiveCfg = Release|x64
		{032D3EA0-51C8-48F7-B518-5B0E8A821489}.Release|x64.Build.0 = Release|x64
		{032D3EA0-51C8-48F7-B518-5B0E8A821489}.Release|x86.ActiveCfg = Release|Win32
		{032D3EA0-51C8-48F7-B518-5B0E8A821489}.Release|x86.Build.0 = Release|Win32
		{819AD01A-EA8E-4970-838C-5AFE0B27BF97}.Debug|Any CPU.ActiveCfg = Debug|Win32
		{819AD01A-EA8E-4970-838C-5AFE0B27BF97}.Debug|x64.ActiveCfg = Debug|x64
		{819AD01A-EA8E-4970-838C-5AFE0B27BF97}.Debug|x64.Build.0 = Debug|x64
		{819AD01A-EA8E-4970-838C-5AFE0B27BF97}.Debug|x86.ActiveCfg = Debug|Win32
		{819AD01A-EA8E-4970-838C-5AFE0B27BF97}.Debug|x86.Build.0 = Debug|Win32
		{819AD01A-EA8E-4970-838C-5AFE0B27BF97}.Release|Any CPU.ActiveCfg = Release|Win32
		{819AD01A-EA8E-4970-838C-5AFE0B27BF97}.Release|x64.ActiveCfg = Release|x64
		{819AD01A-EA8E-4970-838C-5AFE0B27BF97}.Release|x64.Build.0 = Release|x64
		{819AD01A-EA8E-4970-838C-5AFE0B27BF97}.Release|x86.ActiveCfg = Release|Win32
		{819AD01A-EA8E-4970-838C-5AFE0B27BF97}.Release|x86.Build.0 = Release|Win32
		{F1F877CE-C7E0-441F-A3B6-2A090E156867}.Debug|Any CPU.ActiveCfg = Debug|Win32
		{F1F877CE-C7E0-441F-A3B6-2A090E156867}.Debug|x64.ActiveCfg = Debug|x64
		{F1F877CE-C7E0-441F-A3B6-2A090E156867}.Debug|x64.Build.0 = Debug|x64
		{F1F877CE-C7E0-441F-A3B6-2A090E156867}.Debug|x86.ActiveCfg = Debug|Win32
		{F1F877CE-C7E0-441F-A3B6-2A090E156867}.Debug|x86.Build.0 = Debug|Win32
		{F1F877CE-C7E0-441F-A3B6-2A090E156867}.Release|Any CPU.ActiveCfg = Release|Win32
		{F1F877CE-C7E0-441F-A3B6-2A090E156867}.Release|x64.ActiveCfg = Release|x64
		{F1F877CE-C7E0-441F-A3B6-2A090E156867}.Release|x64.Build.0 = Release|x64
		{F1F877CE-C7E0-441F-A3B6-2A090E156867}.Release|x86.ActiveCfg = Release|Win32
		{F1F877CE-C7E0-441F-A3B6-2A090E156867}.Release|x86.Build.0 = Release|Win32
		{E23BFE96-8E8E-4E84-932D-47EF20324AF0}.Debug|Any CPU.ActiveCfg = Debug|Win32
		{E23BFE96-8E8E-4E84-932D-47EF20324AF0}.Debug|x64.ActiveCfg = Debug|x64
		{E23BFE96-8E8E-4E84-932D-47EF20324AF0}.Debug|x64.Build.0 = Debug|x64
		{E23BFE96-8E8E-4E84-932D-47EF20324AF0}.Debug|x86.ActiveCfg = Debug|Win32
		{E23BFE96-8E8E-4E84-932D-47EF20324AF0}.Debug|x86.Build.0 = Debug|Win32
		{E23BFE96-8E8E-4E84-932D-47EF20324AF0}.Release|Any CPU.ActiveCfg = Release|Win32
		{E23BFE96-8E8E-4E84-932D-47EF20324AF0}.Release|x64.ActiveCfg = Release|x64
		{E23BFE96-8E8E-4E84-932D-47EF20324AF0}.Release|x64.Build.0 = Release|x64
		{E23BFE96-8E8E-4E84-932D-47EF20324AF0}.Release|x86.ActiveCfg = Release|Win32
		{E23BFE96-8E8E-4E84-932D-47EF20324AF0}.Release|x86.Build.0 = Release|Win32
		{0F907477-2308-4B4F-AE66-677A7391AA02}.Debug|Any CPU.ActiveCfg = Debug|Win32
		{0F907477-2308-4B4F-AE66-677A7391AA02}.Debug|x64.ActiveCfg = Debug|x64
		{0F907477-2308-4B4F-AE66-677A7391AA02}.Debug|x64.Build.0 = Debug|x64
		{0F907477-2308-4B4F-AE66-677A7391AA02}.Debug|x86.ActiveCfg = Debug|Win32
		{0F907477-2308-4B4F-AE66-677A7391AA02}.Debug|x86.Build.0 = Debug|Win32
		{0F907477-2308-4B4F-AE66-677A7391AA02}.Release|Any CPU.ActiveCfg = Release|Win32
		{0F907477-2308-4B4F-AE66-677A7391AA02}.Release|x64.ActiveCfg = Release|x64
		{0F907477-2308-4B4F-AE66-677A7391AA02}.Release|x64.Build.0 = Release|x64
		{0F907477-2308-4B4F-AE66-677A7391AA02}.Release|x86.ActiveCfg = Release|Win32
		{0F907477-2308-4B4F-AE66-677A7391AA02}.Release|x86.Build.0 = Release|Win32
		{2DC5F39D-5420-4823-99F1-D57378288735}.Debug|Any CPU.ActiveCfg = Debug|Win32
		{2DC5F39D-5420-4823-99F1-D57378288735}.Debug|x64.ActiveCfg = Debug|x64
		{2DC5F39D-5420-4823-99F1-D57378288735}.Debug|x64.Build.0 = Debug|x64
		{2DC5F39D-5420-4823-99F1-D57378288735}.Debug|x86.ActiveCfg = Debug|Win32
		{2DC5F39D-5420-4823-99F1-D57378288735}.Debug|x86.Build.0 = Debug|Win32
		{2DC5F39D-5420-4823-99F1-D57378288735}.Release|Any CPU.ActiveCfg = Release|Win32
		{2DC5F39D-5420-4823-99F1-D57378288735}.Release|x64.ActiveCfg = Release|x64
		{2DC5F39D-5420-4823-99F1-D57378288735}.Release|x64.Build.0 = Release|x64
		{2DC5F39D-5420-4823-99F1-D57378288735}.Release|x86.ActiveCfg = Release|Win32
		{2DC5F39D-5420-4823-99F1-D57378288735}.Release|x86.Build.0 = Release|Win32
		{64E9F3C1-163F-41E3-B6D5-B7C84AF4CB7A}.Debug|Any CPU.ActiveCfg = Debug|Win32
		{64E9F3C1-163F-41E3-B6D5-B7C84AF4CB7A}.Debug|x64.ActiveCfg = Debug|x64
		{64E9F3C1-163F-41E3-B6D5-B7C84AF4CB7A}.Debug|x64.Build.0 = Debug|x64
		{64E9F3C1-163F-41E3-B6D5-B7C84AF4CB7A}.Debug|x86.ActiveCfg = Debug|Win32
		{64E9F3C1-163F-41E3-B6D5-B7C84AF4CB7A}.Debug|x86.Build.0 = Debug|Win32
		{64E9F3C1-163F-41E3-B6D5-B7C84AF4CB7A}.Release|Any CPU.ActiveCfg = Release|Win32
		{64E9F3C1-163F-41E3-B6D5-B7C84AF4CB7A}.Release|x64.ActiveCfg = Release|x64
		{64E9F3C1-163F-41E3-B6D5-B7C84AF4CB7A}.Release|x64.Build.0 = Release|x64
		{64E9F3C1-163F-41E3-B6D5-B7C84AF4CB7A}.Release|x86.ActiveCfg = Release|Win32
		{64E9F3C1-163F-41E3-B6D5-B7C84AF4CB7A}.Release|x86.Build.0 = Release|Win32
		{366B24F7-749F-4908-85B1-58924DA3B726}.Debug|Any CPU.ActiveCfg = Debug|Win32
		{366B24F7-749F-4908-85B1-58924DA3B726}.Debug|x64.ActiveCfg = Debug|x64
		{366B24F7-749F-4908-85B1-58924DA3B726}.Debug|x64.Build.0 = Debug|x64
		{366B24F7-749F-4908-85B1-58924DA3B726}.Debug|x86.ActiveCfg = Debug|Win32
		{366B24F7-749F-4908-85B1-58924DA3B726}.Debug|x86.Build.0 = Debug|Win32
		{366B24F7-749F-4908-85B1-58924DA3B726}.Release|Any CPU.ActiveCfg = Release|Win32
		{366B24F7-749F-4908-85B1-58924DA3B726}.Release|x64.ActiveCfg = Release|x64
		{366B24F7-749F-4908-85B1-58924DA3B726}.Release|x64.Build.0 = Release|x64
		{366B24F7-749F-4908-85B1-58924DA3B726}.Release|x86.ActiveCfg = Release|Win32
		{366B24F7-749F-4908-85B1-58924DA3B726}.Release|x86.Build.0 = Release|Win32
		{0CA84868-7E14-4039-A32E-79639CB31BA8}.Debug|Any CPU.ActiveCfg = Debug|Win32
		{0CA84868-7E14-4039-A32E-79639CB31BA8}.Debug|x64.ActiveCfg = Debug|x64
		{0CA84868-7E14-4039-A32E-79639CB31BA8}.Debug|x64.Build.0 = Debug|x64
		{0CA84868-7E14-4039-A32E-79639CB31BA8}.Debug|x86.ActiveCfg = Debug|Win32
		{0CA84868-7E14-4039-A32E-79639CB31BA8}.Debug|x86.Build.0 = Debug|Win32
		{0CA84868-7E14-4039-A32E-79639CB31BA8}.Release|Any CPU.ActiveCfg = Release|Win32
		{0CA84868-7E14-4039-A32E-79639CB31BA8}.Release|x64.ActiveCfg = Release|x64
		{0CA84868-7E14-4039-A32E-79639CB31BA8}.Release|x64.Build.0 = Release|x64
		{0CA84868-7E14-4039-A32E-79639CB31BA8}.Release|x86.ActiveCfg = Release|Win32
		{0CA84868-7E14-4039-A32E-79639CB31BA8}.Release|x86.Build.0 = Release|Win32
		{B3090AAF-A8E9-403E-9AFC-78D934A02CCE}.Debug|Any CPU.ActiveCfg = Debug|Win32
		{B3090AAF-A8E9-403E-9AFC-78D934A02CCE}.Debug|x64.ActiveCfg = Debug|x64
		{B3090AAF-A8E9-403E-9AFC-78D934A02CCE}.Debug|x64.Build.0 = Debug|x64
		{B3090AAF-A8E9-403E-9AFC-78D934A02CCE}.Debug|x86.ActiveCfg = Debug|Win32
		{B3090AAF-A8E9-403E-9AFC-78D934A02CCE}.Debug|x86.Build.0 = Debug|Win32
		{B3090AAF-A8E9-403E-9AFC-78D934A02CCE}.Release|Any CPU.ActiveCfg = Release|Win32
		{B3090AAF-A8E9-403E-9AFC-78D934A02CCE}.Release|x64.ActiveCfg = Release|x64
		{B3090AAF-A8E9-403E-9AFC-78D934A02CCE}.Release|x64.Build.0 = Release|x64
		{B3090AAF-A8E9-403E-9AFC-78D934A02CCE}.Release|x86.ActiveCfg = Release|Win32
		{B3090AAF-A8E9-403E-9AFC-78D934A02CCE}.Release|x86.Build.0 = Release|Win32
		{E4A7403B-3BE4-4419-9605-7B550521E86A}.Debug|Any CPU.ActiveCfg = Debug|Win32
		{E4A7403B-3BE4-4419-9605-7B550521E86A}.Debug|x64.ActiveCfg = Debug|x64
		{E4A7403B-3BE4-4419-9605-7B550521E86A}.Debug|x64.Build.0 = Debug|x64
		{E4A7403B-3BE4-4419-9605-7B550521E86A}.Debug|x86.ActiveCfg = Debug|Win32
		{E4A7403B-3BE4-4419-9605-7B550521E86A}.Debug|x86.Build.0 = Debug|Win32
		{E4A7403B-3BE4-4419-9605-7B550521E86A}.Release|Any CPU.ActiveCfg = Release|Win32
		{E4A7403B-3BE4-4419-9605-7B550521E86A}.Release|x64.ActiveCfg = Release|x64
		{E4A7403B-3BE4-4419-9605-7B550521E86A}.Release|x64.Build.0 = Release|x64
		{E4A7403B-3BE4-4419-9605-7B550521E86A}.Release|x86.ActiveCfg = Release|Win32
		{E4A7403B-3BE4-4419-9605-7B550521E86A}.Release|x86.Build.0 = Release|Win32
		{D4594810-AC35-4484-9E82-6953072A01C4}.Debug|Any CPU.ActiveCfg = Debug|Win32
		{D4594810-AC35-4484-9E82-6953072A01C4}.Debug|x64.ActiveCfg = Debug|x64
		{D4594810-AC35-4484-9E82-6953072A01C4}.Debug|x64.Build.0 = Debug|x64
		{D4594810-AC35-4484-9E82-6953072A01C4}.Debug|x86.ActiveCfg = Debug|Win32
		{D4594810-AC35-4484-9E82-6953072A01C4}.Debug|x86.Build.0 = Debug|Win32
		{D4594810-AC35-4484-9E82-6953072A01C4}.Release|Any CPU.ActiveCfg = Release|Win32
		{D4594810-AC35-4484-9E82-6953072A01C4}.Release|x64.ActiveCfg = Release|x64
		{D4594810-AC35-4484-9E82-6953072A01C4}.Release|x64.Build.0 = Release|x64
		{D4594810-AC35-4484-9E82-6953072A01C4}.Release|x86.ActiveCfg = Release|Win32
		{D4594810-AC35-4484-9E82-6953072A01C4}.Release|x86.Build.0 = Release|Win32
		{EBBD3FE8-6577-4A18-9A5C-9AEE4F62F4B4}.Debug|Any CPU.ActiveCfg = Debug|Win32
		{EBBD3FE8-6577-4A18-9A5C-9AEE4F62F4B4}.Debug|x64.ActiveCfg = Debug|x64
		{EBBD3FE8-6577-4A18-9A5C-9AEE4F62F4B4}.Debug|x64.Build.0 = Debug|x64
		{EBBD3FE8-6577-4A18-9A5C-9AEE4F62F4B4}.Debug|x86.ActiveCfg = Debug|Win32
		{EBBD3FE8-6577-4A18-9A5C-9AEE4F62F4B4}.Debug|x86.Build.0 = Debug|Win32
		{EBBD3FE8-6577-4A18-9A5C-9AEE4F62F4B4}.Release|Any CPU.ActiveCfg = Release|Win32
		{EBBD3FE8-6577-4A18-9A5C-9AEE4F62F4B4}.Release|x64.ActiveCfg = Release|x64
		{EBBD3FE8-6577-4A18-9A5C-9AEE4F62F4B4}.Release|x64.Build.0 = Release|x64
		{EBBD3FE8-6577-4A18-9A5C-9AEE4F62F4B4}.Release|x86.ActiveCfg = Release|Win32
		{EBBD3FE8-6577-4A18-9A5C-9AEE4F62F4B4}.Release|x86.Build.0 = Release|Win32
		{10EAAA84-C9BD-47B1-B497-8BD46BAE730E}.Debug|Any CPU.ActiveCfg = Debug|Win32
		{10EAAA84-C9BD-47B1-B497-8BD46BAE730E}.Debug|x64.ActiveCfg = Debug|x64
		{10EAAA84-C9BD-47B1-B497-8BD46BAE730E}.Debug|x64.Build.0 = Debug|x64
		{10EAAA84-C9BD-47B1-B497-8BD46BAE730E}.Debug|x86.ActiveCfg = Debug|Win32
		{10EAAA84-C9BD-47B1-B497-8BD46BAE730E}.Debug|x86.Build.0 = Debug|Win32
		{10EAAA84-C9BD-47B1-B497-8BD46BAE730E}.Release|Any CPU.ActiveCfg = Release|Win32
		{10EAAA84-C9BD-47B1-B497-8BD46BAE730E}.Release|x64.ActiveCfg = Release|x64
		{10EAAA84-C9BD-47B1-B497-8BD46BAE730E}.Release|x64.Build.0 = Release|x64
		{10EAAA84-C9BD-47B1-B497-8BD46BAE730E}.Release|x86.ActiveCfg = Release|Win32
		{10EAAA84-C9BD-47B1-B497-8BD46BAE730E}.Release|x86.Build.0 = Release|Win32
	EndGlobalSection
	GlobalSection(SolutionProperties) = preSolution
		HideSolutionNode = FALSE
	EndGlobalSection
	GlobalSection(NestedProjects) = preSolution
		{8BAA70C4-BEFC-4707-99A0-2F8E17124239} = {478FCE3B-23F1-40A7-A5CA-E5746E9CD39E}
		{1A4F8123-6EA0-4ECA-A3DD-BB39672EFAC1} = {478FCE3B-23F1-40A7-A5CA-E5746E9CD39E}
		{4E8F4B61-33D5-4376-B629-BC4E1FAEF111} = {478FCE3B-23F1-40A7-A5CA-E5746E9CD39E}
		{56F9268D-F952-4B02-A5BD-E04434439265} = {478FCE3B-23F1-40A7-A5CA-E5746E9CD39E}
		{B0209228-F001-4440-BF59-F9E55DC2125C} = {478FCE3B-23F1-40A7-A5CA-E5746E9CD39E}
		{8FDECCBF-8970-4BF7-A28C-93035218D29C} = {478FCE3B-23F1-40A7-A5CA-E5746E9CD39E}
		{F1F877CE-C7E0-441F-A3B6-2A090E156867} = {478FCE3B-23F1-40A7-A5CA-E5746E9CD39E}
		{E23BFE96-8E8E-4E84-932D-47EF20324AF0} = {478FCE3B-23F1-40A7-A5CA-E5746E9CD39E}
		{0F907477-2308-4B4F-AE66-677A7391AA02} = {478FCE3B-23F1-40A7-A5CA-E5746E9CD39E}
		{64E9F3C1-163F-41E3-B6D5-B7C84AF4CB7A} = {478FCE3B-23F1-40A7-A5CA-E5746E9CD39E}
		{366B24F7-749F-4908-85B1-58924DA3B726} = {478FCE3B-23F1-40A7-A5CA-E5746E9CD39E}
	EndGlobalSection
	GlobalSection(ExtensibilityGlobals) = postSolution
		SolutionGuid = {61E1BD4C-F50A-4672-86B5-6F59A8139C61}
	EndGlobalSection
EndGlobal
